
Microsoft Visual Studio Solution File, Format Version 12.00
# Visual Studio 14
VisualStudioVersion = 14.0.25420.1
MinimumVisualStudioVersion = 10.0.40219.1
Project("{8BB2217D-0F2D-49D1-97BC-3654ED321F3B}") = "SampleApp.ConsoleAppCore", "SampleApp.ConsoleAppCore\SampleApp.ConsoleAppCore.xproj", "{9968233C-4F6D-4CDF-AC89-4EE06600E44C}"
EndProject
Project("{8BB2217D-0F2D-49D1-97BC-3654ED321F3B}") = "Microsoft.AzureCAT.Logging.Core", "Microsoft.AzureCAT.Logging.Core\Microsoft.AzureCAT.Logging.Core.xproj", "{679DD917-B6E3-4474-B0ED-E1CA3147250E}"
EndProject
Project("{8BB2217D-0F2D-49D1-97BC-3654ED321F3B}") = "Microsoft.AzureCAT.Logging.Sink.Blob", "Microsoft.AzureCAT.Logging.Sink.Blob\Microsoft.AzureCAT.Logging.Sink.Blob.xproj", "{FC248B5E-5058-4DEF-8363-6727FD24DDA3}"
EndProject
Project("{8BB2217D-0F2D-49D1-97BC-3654ED321F3B}") = "Microsoft.AzureCAT.Logging.Sink.Graphite", "Microsoft.AzureCAT.Logging.Sink.Graphite\Microsoft.AzureCAT.Logging.Sink.Graphite.xproj", "{A928FD72-2889-41DF-AB31-40D8B7A6C9FF}"
EndProject
Project("{8BB2217D-0F2D-49D1-97BC-3654ED321F3B}") = "Microsoft.AzureCAT.Logging.Pipeline", "Microsoft.AzureCAT.Logging.Pipeline\Microsoft.AzureCAT.Logging.Pipeline.xproj", "{1284AA20-100A-4F75-B1D6-2C82E8F37FCE}"
EndProject
Project("{8BB2217D-0F2D-49D1-97BC-3654ED321F3B}") = "Microsoft.AzureCAT.AppInsights.Core", "Microsoft.AzureCAT.AppInsights.Core\Microsoft.AzureCAT.AppInsights.Core.xproj", "{7A662A42-6E42-4849-98F2-111F8632EBFA}"
EndProject
Project("{8BB2217D-0F2D-49D1-97BC-3654ED321F3B}") = "Microsoft.AzureCAT.AppInsights.Provider", "Microsoft.AzureCAT.AppInsights.Provider\Microsoft.AzureCAT.AppInsights.Provider.xproj", "{E4C8282D-99EC-4936-BD58-4D4DF5EC0EC3}"
EndProject
Project("{2150E333-8FDC-42A3-9474-1A3956D46DE8}") = "Apps", "Apps", "{99B2111C-A034-4356-975B-E47198C0B021}"
EndProject
Project("{2150E333-8FDC-42A3-9474-1A3956D46DE8}") = "Logging.Common", "Logging.Common", "{528BB2C6-9F26-4C7C-BF57-E579AC400314}"
EndProject
Project("{2150E333-8FDC-42A3-9474-1A3956D46DE8}") = "Logging.ApplicationInsights", "Logging.ApplicationInsights", "{4398064D-8C14-4080-8146-921038487333}"
EndProject
Project("{2150E333-8FDC-42A3-9474-1A3956D46DE8}") = "Logging.ApplicationInsights.Sinks", "Logging.ApplicationInsights.Sinks", "{CD92E36A-8884-4392-B910-A7B908BCD3BC}"
EndProject
Project("{2150E333-8FDC-42A3-9474-1A3956D46DE8}") = "Logging.Sinks", "Logging.Sinks", "{AF62B820-E808-4C1B-90C7-54E4BF62B939}"
EndProject
Project("{8BB2217D-0F2D-49D1-97BC-3654ED321F3B}") = "Microsoft.AzureCAT.AppInsights.Sink.AggregatedMetric", "Microsoft.AzureCAT.AppInsights.Sink.AggregatedMetric\Microsoft.AzureCAT.AppInsights.Sink.AggregatedMetric.xproj", "{CCE40646-28D8-42AA-B431-24C84B39E48B}"
EndProject
Project("{8BB2217D-0F2D-49D1-97BC-3654ED321F3B}") = "Microsoft.AzureCAT.AppInsights.Sink.Blob", "Microsoft.AzureCAT.AppInsights.Sink.Blob\Microsoft.AzureCAT.AppInsights.Sink.Blob.xproj", "{11175582-ECFB-4FA9-8463-A3E20D7F20A7}"
EndProject
Project("{8BB2217D-0F2D-49D1-97BC-3654ED321F3B}") = "Microsoft.AzureCAT.AppInsights.Sink.Graphite", "Microsoft.AzureCAT.AppInsights.Sink.Graphite\Microsoft.AzureCAT.AppInsights.Sink.Graphite.xproj", "{D030C3C5-7EBB-4FFD-86D3-89AB73D8DE8F}"
EndProject
Project("{8BB2217D-0F2D-49D1-97BC-3654ED321F3B}") = "Microsoft.AzureCAT.Logging.Sink.ElasticSearch", "Microsoft.AzureCAT.Logging.Sink.ElasticSearch\Microsoft.AzureCAT.Logging.Sink.ElasticSearch.xproj", "{FE53A697-FCA0-4A2A-8964-C4E21EB8177F}"
EndProject
Project("{8BB2217D-0F2D-49D1-97BC-3654ED321F3B}") = "Microsoft.AzureCAT.AppInsights.Sink.ElasticSearch", "Microsoft.AzureCAT.AppInsights.Sink.ElasticSearch\Microsoft.AzureCAT.AppInsights.Sink.ElasticSearch.xproj", "{485CB02E-8C2C-4472-AF0B-D4133ACD2841}"
EndProject
Project("{8BB2217D-0F2D-49D1-97BC-3654ED321F3B}") = "Sample.OpenSchemas", "Sample.OpenSchemas\Sample.OpenSchemas.xproj", "{CBDDE105-A0F5-4E49-B307-1BC64AEA5905}"
EndProject
Project("{FAE04EC0-301F-11D3-BF4B-00C04F79EFBC}") = "SampleApp.ConsoleApp", "SampleApp.ConsoleApp\SampleApp.ConsoleApp.csproj", "{82EE5FBE-95AC-4267-AF9B-9F46C4799B5C}"
EndProject
Project("{2150E333-8FDC-42A3-9474-1A3956D46DE8}") = "Logging.AppInsights.Initializers", "Logging.AppInsights.Initializers", "{6C1EAED3-836F-4AAB-98A2-032EB2059CD8}"
EndProject
Project("{8BB2217D-0F2D-49D1-97BC-3654ED321F3B}") = "Microsoft.AzureCAT.AppInsights.EnrichmentInitializer", "Microsoft.AzureCAT.AppInsights.EnrichmentInitializer\Microsoft.AzureCAT.AppInsights.EnrichmentInitializer.xproj", "{9D25C1F1-0C7C-4A4B-BA4E-F22173944257}"
EndProject
Global
	GlobalSection(SolutionConfigurationPlatforms) = preSolution
		Debug|Any CPU = Debug|Any CPU
		Debug|x64 = Debug|x64
		Release|Any CPU = Release|Any CPU
		Release|x64 = Release|x64
	EndGlobalSection
	GlobalSection(ProjectConfigurationPlatforms) = postSolution
		{9968233C-4F6D-4CDF-AC89-4EE06600E44C}.Debug|Any CPU.ActiveCfg = Debug|Any CPU
		{9968233C-4F6D-4CDF-AC89-4EE06600E44C}.Debug|Any CPU.Build.0 = Debug|Any CPU
		{9968233C-4F6D-4CDF-AC89-4EE06600E44C}.Debug|x64.ActiveCfg = Debug|Any CPU
		{9968233C-4F6D-4CDF-AC89-4EE06600E44C}.Debug|x64.Build.0 = Debug|Any CPU
		{9968233C-4F6D-4CDF-AC89-4EE06600E44C}.Release|Any CPU.ActiveCfg = Release|Any CPU
		{9968233C-4F6D-4CDF-AC89-4EE06600E44C}.Release|Any CPU.Build.0 = Release|Any CPU
		{9968233C-4F6D-4CDF-AC89-4EE06600E44C}.Release|x64.ActiveCfg = Release|Any CPU
		{9968233C-4F6D-4CDF-AC89-4EE06600E44C}.Release|x64.Build.0 = Release|Any CPU
		{679DD917-B6E3-4474-B0ED-E1CA3147250E}.Debug|Any CPU.ActiveCfg = Debug|Any CPU
		{679DD917-B6E3-4474-B0ED-E1CA3147250E}.Debug|Any CPU.Build.0 = Debug|Any CPU
		{679DD917-B6E3-4474-B0ED-E1CA3147250E}.Debug|x64.ActiveCfg = Debug|Any CPU
		{679DD917-B6E3-4474-B0ED-E1CA3147250E}.Debug|x64.Build.0 = Debug|Any CPU
		{679DD917-B6E3-4474-B0ED-E1CA3147250E}.Release|Any CPU.ActiveCfg = Release|Any CPU
		{679DD917-B6E3-4474-B0ED-E1CA3147250E}.Release|Any CPU.Build.0 = Release|Any CPU
		{679DD917-B6E3-4474-B0ED-E1CA3147250E}.Release|x64.ActiveCfg = Release|Any CPU
		{679DD917-B6E3-4474-B0ED-E1CA3147250E}.Release|x64.Build.0 = Release|Any CPU
		{FC248B5E-5058-4DEF-8363-6727FD24DDA3}.Debug|Any CPU.ActiveCfg = Debug|Any CPU
		{FC248B5E-5058-4DEF-8363-6727FD24DDA3}.Debug|Any CPU.Build.0 = Debug|Any CPU
		{FC248B5E-5058-4DEF-8363-6727FD24DDA3}.Debug|x64.ActiveCfg = Debug|Any CPU
		{FC248B5E-5058-4DEF-8363-6727FD24DDA3}.Debug|x64.Build.0 = Debug|Any CPU
		{FC248B5E-5058-4DEF-8363-6727FD24DDA3}.Release|Any CPU.ActiveCfg = Release|Any CPU
		{FC248B5E-5058-4DEF-8363-6727FD24DDA3}.Release|Any CPU.Build.0 = Release|Any CPU
		{FC248B5E-5058-4DEF-8363-6727FD24DDA3}.Release|x64.ActiveCfg = Release|Any CPU
		{FC248B5E-5058-4DEF-8363-6727FD24DDA3}.Release|x64.Build.0 = Release|Any CPU
		{A928FD72-2889-41DF-AB31-40D8B7A6C9FF}.Debug|Any CPU.ActiveCfg = Debug|Any CPU
		{A928FD72-2889-41DF-AB31-40D8B7A6C9FF}.Debug|Any CPU.Build.0 = Debug|Any CPU
		{A928FD72-2889-41DF-AB31-40D8B7A6C9FF}.Debug|x64.ActiveCfg = Debug|Any CPU
		{A928FD72-2889-41DF-AB31-40D8B7A6C9FF}.Debug|x64.Build.0 = Debug|Any CPU
		{A928FD72-2889-41DF-AB31-40D8B7A6C9FF}.Release|Any CPU.ActiveCfg = Release|Any CPU
		{A928FD72-2889-41DF-AB31-40D8B7A6C9FF}.Release|Any CPU.Build.0 = Release|Any CPU
		{A928FD72-2889-41DF-AB31-40D8B7A6C9FF}.Release|x64.ActiveCfg = Release|Any CPU
		{A928FD72-2889-41DF-AB31-40D8B7A6C9FF}.Release|x64.Build.0 = Release|Any CPU
		{1284AA20-100A-4F75-B1D6-2C82E8F37FCE}.Debug|Any CPU.ActiveCfg = Debug|Any CPU
		{1284AA20-100A-4F75-B1D6-2C82E8F37FCE}.Debug|Any CPU.Build.0 = Debug|Any CPU
		{1284AA20-100A-4F75-B1D6-2C82E8F37FCE}.Debug|x64.ActiveCfg = Debug|Any CPU
		{1284AA20-100A-4F75-B1D6-2C82E8F37FCE}.Debug|x64.Build.0 = Debug|Any CPU
		{1284AA20-100A-4F75-B1D6-2C82E8F37FCE}.Release|Any CPU.ActiveCfg = Release|Any CPU
		{1284AA20-100A-4F75-B1D6-2C82E8F37FCE}.Release|Any CPU.Build.0 = Release|Any CPU
		{1284AA20-100A-4F75-B1D6-2C82E8F37FCE}.Release|x64.ActiveCfg = Release|Any CPU
		{1284AA20-100A-4F75-B1D6-2C82E8F37FCE}.Release|x64.Build.0 = Release|Any CPU
		{7A662A42-6E42-4849-98F2-111F8632EBFA}.Debug|Any CPU.ActiveCfg = Debug|Any CPU
		{7A662A42-6E42-4849-98F2-111F8632EBFA}.Debug|Any CPU.Build.0 = Debug|Any CPU
		{7A662A42-6E42-4849-98F2-111F8632EBFA}.Debug|x64.ActiveCfg = Debug|Any CPU
		{7A662A42-6E42-4849-98F2-111F8632EBFA}.Debug|x64.Build.0 = Debug|Any CPU
		{7A662A42-6E42-4849-98F2-111F8632EBFA}.Release|Any CPU.ActiveCfg = Release|Any CPU
		{7A662A42-6E42-4849-98F2-111F8632EBFA}.Release|Any CPU.Build.0 = Release|Any CPU
		{7A662A42-6E42-4849-98F2-111F8632EBFA}.Release|x64.ActiveCfg = Release|Any CPU
		{7A662A42-6E42-4849-98F2-111F8632EBFA}.Release|x64.Build.0 = Release|Any CPU
		{E4C8282D-99EC-4936-BD58-4D4DF5EC0EC3}.Debug|Any CPU.ActiveCfg = Debug|Any CPU
		{E4C8282D-99EC-4936-BD58-4D4DF5EC0EC3}.Debug|Any CPU.Build.0 = Debug|Any CPU
		{E4C8282D-99EC-4936-BD58-4D4DF5EC0EC3}.Debug|x64.ActiveCfg = Debug|Any CPU
		{E4C8282D-99EC-4936-BD58-4D4DF5EC0EC3}.Debug|x64.Build.0 = Debug|Any CPU
		{E4C8282D-99EC-4936-BD58-4D4DF5EC0EC3}.Release|Any CPU.ActiveCfg = Release|Any CPU
		{E4C8282D-99EC-4936-BD58-4D4DF5EC0EC3}.Release|Any CPU.Build.0 = Release|Any CPU
		{E4C8282D-99EC-4936-BD58-4D4DF5EC0EC3}.Release|x64.ActiveCfg = Release|Any CPU
		{E4C8282D-99EC-4936-BD58-4D4DF5EC0EC3}.Release|x64.Build.0 = Release|Any CPU
		{CCE40646-28D8-42AA-B431-24C84B39E48B}.Debug|Any CPU.ActiveCfg = Debug|Any CPU
		{CCE40646-28D8-42AA-B431-24C84B39E48B}.Debug|Any CPU.Build.0 = Debug|Any CPU
		{CCE40646-28D8-42AA-B431-24C84B39E48B}.Debug|x64.ActiveCfg = Debug|Any CPU
		{CCE40646-28D8-42AA-B431-24C84B39E48B}.Debug|x64.Build.0 = Debug|Any CPU
		{CCE40646-28D8-42AA-B431-24C84B39E48B}.Release|Any CPU.ActiveCfg = Release|Any CPU
		{CCE40646-28D8-42AA-B431-24C84B39E48B}.Release|Any CPU.Build.0 = Release|Any CPU
		{CCE40646-28D8-42AA-B431-24C84B39E48B}.Release|x64.ActiveCfg = Release|Any CPU
		{CCE40646-28D8-42AA-B431-24C84B39E48B}.Release|x64.Build.0 = Release|Any CPU
		{11175582-ECFB-4FA9-8463-A3E20D7F20A7}.Debug|Any CPU.ActiveCfg = Debug|Any CPU
		{11175582-ECFB-4FA9-8463-A3E20D7F20A7}.Debug|Any CPU.Build.0 = Debug|Any CPU
		{11175582-ECFB-4FA9-8463-A3E20D7F20A7}.Debug|x64.ActiveCfg = Debug|Any CPU
		{11175582-ECFB-4FA9-8463-A3E20D7F20A7}.Debug|x64.Build.0 = Debug|Any CPU
		{11175582-ECFB-4FA9-8463-A3E20D7F20A7}.Release|Any CPU.ActiveCfg = Release|Any CPU
		{11175582-ECFB-4FA9-8463-A3E20D7F20A7}.Release|Any CPU.Build.0 = Release|Any CPU
		{11175582-ECFB-4FA9-8463-A3E20D7F20A7}.Release|x64.ActiveCfg = Release|Any CPU
		{11175582-ECFB-4FA9-8463-A3E20D7F20A7}.Release|x64.Build.0 = Release|Any CPU
		{D030C3C5-7EBB-4FFD-86D3-89AB73D8DE8F}.Debug|Any CPU.ActiveCfg = Debug|Any CPU
		{D030C3C5-7EBB-4FFD-86D3-89AB73D8DE8F}.Debug|Any CPU.Build.0 = Debug|Any CPU
		{D030C3C5-7EBB-4FFD-86D3-89AB73D8DE8F}.Debug|x64.ActiveCfg = Debug|Any CPU
		{D030C3C5-7EBB-4FFD-86D3-89AB73D8DE8F}.Debug|x64.Build.0 = Debug|Any CPU
		{D030C3C5-7EBB-4FFD-86D3-89AB73D8DE8F}.Release|Any CPU.ActiveCfg = Release|Any CPU
		{D030C3C5-7EBB-4FFD-86D3-89AB73D8DE8F}.Release|Any CPU.Build.0 = Release|Any CPU
		{D030C3C5-7EBB-4FFD-86D3-89AB73D8DE8F}.Release|x64.ActiveCfg = Release|Any CPU
		{D030C3C5-7EBB-4FFD-86D3-89AB73D8DE8F}.Release|x64.Build.0 = Release|Any CPU
		{FE53A697-FCA0-4A2A-8964-C4E21EB8177F}.Debug|Any CPU.ActiveCfg = Debug|Any CPU
		{FE53A697-FCA0-4A2A-8964-C4E21EB8177F}.Debug|Any CPU.Build.0 = Debug|Any CPU
		{FE53A697-FCA0-4A2A-8964-C4E21EB8177F}.Debug|x64.ActiveCfg = Debug|Any CPU
		{FE53A697-FCA0-4A2A-8964-C4E21EB8177F}.Debug|x64.Build.0 = Debug|Any CPU
		{FE53A697-FCA0-4A2A-8964-C4E21EB8177F}.Release|Any CPU.ActiveCfg = Release|Any CPU
		{FE53A697-FCA0-4A2A-8964-C4E21EB8177F}.Release|Any CPU.Build.0 = Release|Any CPU
		{FE53A697-FCA0-4A2A-8964-C4E21EB8177F}.Release|x64.ActiveCfg = Release|Any CPU
		{FE53A697-FCA0-4A2A-8964-C4E21EB8177F}.Release|x64.Build.0 = Release|Any CPU
		{485CB02E-8C2C-4472-AF0B-D4133ACD2841}.Debug|Any CPU.ActiveCfg = Debug|Any CPU
		{485CB02E-8C2C-4472-AF0B-D4133ACD2841}.Debug|Any CPU.Build.0 = Debug|Any CPU
		{485CB02E-8C2C-4472-AF0B-D4133ACD2841}.Debug|x64.ActiveCfg = Debug|Any CPU
		{485CB02E-8C2C-4472-AF0B-D4133ACD2841}.Debug|x64.Build.0 = Debug|Any CPU
		{485CB02E-8C2C-4472-AF0B-D4133ACD2841}.Release|Any CPU.ActiveCfg = Release|Any CPU
		{485CB02E-8C2C-4472-AF0B-D4133ACD2841}.Release|Any CPU.Build.0 = Release|Any CPU
		{485CB02E-8C2C-4472-AF0B-D4133ACD2841}.Release|x64.ActiveCfg = Release|Any CPU
		{485CB02E-8C2C-4472-AF0B-D4133ACD2841}.Release|x64.Build.0 = Release|Any CPU
		{CBDDE105-A0F5-4E49-B307-1BC64AEA5905}.Debug|Any CPU.ActiveCfg = Debug|Any CPU
		{CBDDE105-A0F5-4E49-B307-1BC64AEA5905}.Debug|Any CPU.Build.0 = Debug|Any CPU
		{CBDDE105-A0F5-4E49-B307-1BC64AEA5905}.Debug|x64.ActiveCfg = Debug|Any CPU
		{CBDDE105-A0F5-4E49-B307-1BC64AEA5905}.Debug|x64.Build.0 = Debug|Any CPU
		{CBDDE105-A0F5-4E49-B307-1BC64AEA5905}.Release|Any CPU.ActiveCfg = Release|Any CPU
		{CBDDE105-A0F5-4E49-B307-1BC64AEA5905}.Release|Any CPU.Build.0 = Release|Any CPU
		{CBDDE105-A0F5-4E49-B307-1BC64AEA5905}.Release|x64.ActiveCfg = Release|Any CPU
		{CBDDE105-A0F5-4E49-B307-1BC64AEA5905}.Release|x64.Build.0 = Release|Any CPU
		{82EE5FBE-95AC-4267-AF9B-9F46C4799B5C}.Debug|Any CPU.ActiveCfg = Debug|Any CPU
		{82EE5FBE-95AC-4267-AF9B-9F46C4799B5C}.Debug|Any CPU.Build.0 = Debug|Any CPU
		{82EE5FBE-95AC-4267-AF9B-9F46C4799B5C}.Debug|x64.ActiveCfg = Debug|x64
		{82EE5FBE-95AC-4267-AF9B-9F46C4799B5C}.Debug|x64.Build.0 = Debug|x64
		{82EE5FBE-95AC-4267-AF9B-9F46C4799B5C}.Release|Any CPU.ActiveCfg = Release|Any CPU
		{82EE5FBE-95AC-4267-AF9B-9F46C4799B5C}.Release|Any CPU.Build.0 = Release|Any CPU
		{82EE5FBE-95AC-4267-AF9B-9F46C4799B5C}.Release|x64.ActiveCfg = Release|x64
		{82EE5FBE-95AC-4267-AF9B-9F46C4799B5C}.Release|x64.Build.0 = Release|x64
		{9D25C1F1-0C7C-4A4B-BA4E-F22173944257}.Debug|Any CPU.ActiveCfg = Debug|Any CPU
		{9D25C1F1-0C7C-4A4B-BA4E-F22173944257}.Debug|Any CPU.Build.0 = Debug|Any CPU
		{9D25C1F1-0C7C-4A4B-BA4E-F22173944257}.Debug|x64.ActiveCfg = Debug|Any CPU
		{9D25C1F1-0C7C-4A4B-BA4E-F22173944257}.Debug|x64.Build.0 = Debug|Any CPU
		{9D25C1F1-0C7C-4A4B-BA4E-F22173944257}.Release|Any CPU.ActiveCfg = Release|Any CPU
		{9D25C1F1-0C7C-4A4B-BA4E-F22173944257}.Release|Any CPU.Build.0 = Release|Any CPU
		{9D25C1F1-0C7C-4A4B-BA4E-F22173944257}.Release|x64.ActiveCfg = Release|Any CPU
		{9D25C1F1-0C7C-4A4B-BA4E-F22173944257}.Release|x64.Build.0 = Release|Any CPU
	EndGlobalSection
	GlobalSection(SolutionProperties) = preSolution
		HideSolutionNode = FALSE
	EndGlobalSection
	GlobalSection(NestedProjects) = preSolution
		{9968233C-4F6D-4CDF-AC89-4EE06600E44C} = {99B2111C-A034-4356-975B-E47198C0B021}
		{679DD917-B6E3-4474-B0ED-E1CA3147250E} = {528BB2C6-9F26-4C7C-BF57-E579AC400314}
		{FC248B5E-5058-4DEF-8363-6727FD24DDA3} = {AF62B820-E808-4C1B-90C7-54E4BF62B939}
		{A928FD72-2889-41DF-AB31-40D8B7A6C9FF} = {AF62B820-E808-4C1B-90C7-54E4BF62B939}
		{1284AA20-100A-4F75-B1D6-2C82E8F37FCE} = {528BB2C6-9F26-4C7C-BF57-E579AC400314}
		{7A662A42-6E42-4849-98F2-111F8632EBFA} = {4398064D-8C14-4080-8146-921038487333}
		{E4C8282D-99EC-4936-BD58-4D4DF5EC0EC3} = {4398064D-8C14-4080-8146-921038487333}
		{CCE40646-28D8-42AA-B431-24C84B39E48B} = {CD92E36A-8884-4392-B910-A7B908BCD3BC}
		{11175582-ECFB-4FA9-8463-A3E20D7F20A7} = {CD92E36A-8884-4392-B910-A7B908BCD3BC}
		{D030C3C5-7EBB-4FFD-86D3-89AB73D8DE8F} = {CD92E36A-8884-4392-B910-A7B908BCD3BC}
		{FE53A697-FCA0-4A2A-8964-C4E21EB8177F} = {AF62B820-E808-4C1B-90C7-54E4BF62B939}
		{485CB02E-8C2C-4472-AF0B-D4133ACD2841} = {CD92E36A-8884-4392-B910-A7B908BCD3BC}
		{CBDDE105-A0F5-4E49-B307-1BC64AEA5905} = {99B2111C-A034-4356-975B-E47198C0B021}
		{82EE5FBE-95AC-4267-AF9B-9F46C4799B5C} = {99B2111C-A034-4356-975B-E47198C0B021}
		{9D25C1F1-0C7C-4A4B-BA4E-F22173944257} = {6C1EAED3-836F-4AAB-98A2-032EB2059CD8}
	EndGlobalSection
EndGlobal
